// !$*UTF8*$!
{
	archiveVersion = 1;
	classes = {
	};
	objectVersion = 46;
	objects = {

/* Begin PBXBuildFile section */
		31366E87BBE621F2D74423F5 /* Pods_AvKitGoogleDriveVideoPlay.framework in Frameworks */ = {isa = PBXBuildFile; fileRef = BE201C60A4DAEEF7951C65F6 /* Pods_AvKitGoogleDriveVideoPlay.framework */; };
		FF65740E1E183E4200DFA3C0 /* AppDelegate.swift in Sources */ = {isa = PBXBuildFile; fileRef = FF65740D1E183E4200DFA3C0 /* AppDelegate.swift */; };
		FF6574101E183E4200DFA3C0 /* ViewController.swift in Sources */ = {isa = PBXBuildFile; fileRef = FF65740F1E183E4200DFA3C0 /* ViewController.swift */; };
		FF6574131E183E4200DFA3C0 /* Main.storyboard in Resources */ = {isa = PBXBuildFile; fileRef = FF6574111E183E4200DFA3C0 /* Main.storyboard */; };
		FF6574151E183E4200DFA3C0 /* Assets.xcassets in Resources */ = {isa = PBXBuildFile; fileRef = FF6574141E183E4200DFA3C0 /* Assets.xcassets */; };
		FF6574181E183E4200DFA3C0 /* LaunchScreen.storyboard in Resources */ = {isa = PBXBuildFile; fileRef = FF6574161E183E4200DFA3C0 /* LaunchScreen.storyboard */; };
/* End PBXBuildFile section */

/* Begin PBXFileReference section */
		58A74A0CC6D1F151547B9CAC /* Pods-AvKitGoogleDriveVideoPlay.release.xcconfig */ = {isa = PBXFileReference; includeInIndex = 1; lastKnownFileType = text.xcconfig; name = "Pods-AvKitGoogleDriveVideoPlay.release.xcconfig"; path = "Pods/Target Support Files/Pods-AvKitGoogleDriveVideoPlay/Pods-AvKitGoogleDriveVideoPlay.release.xcconfig"; sourceTree = "<group>"; };
		7FCE0A8CA51EEB83D68655CE /* Pods-AvKitGoogleDriveVideoPlay.debug.xcconfig */ = {isa = PBXFileReference; includeInIndex = 1; lastKnownFileType = text.xcconfig; name = "Pods-AvKitGoogleDriveVideoPlay.debug.xcconfig"; path = "Pods/Target Support Files/Pods-AvKitGoogleDriveVideoPlay/Pods-AvKitGoogleDriveVideoPlay.debug.xcconfig"; sourceTree = "<group>"; };
		BE201C60A4DAEEF7951C65F6 /* Pods_AvKitGoogleDriveVideoPlay.framework */ = {isa = PBXFileReference; explicitFileType = wrapper.framework; includeInIndex = 0; path = Pods_AvKitGoogleDriveVideoPlay.framework; sourceTree = BUILT_PRODUCTS_DIR; };
		FF65740A1E183E4200DFA3C0 /* AvKitGoogleDriveVideoPlay.app */ = {isa = PBXFileReference; explicitFileType = wrapper.application; includeInIndex = 0; path = AvKitGoogleDriveVideoPlay.app; sourceTree = BUILT_PRODUCTS_DIR; };
		FF65740D1E183E4200DFA3C0 /* AppDelegate.swift */ = {isa = PBXFileReference; lastKnownFileType = sourcecode.swift; path = AppDelegate.swift; sourceTree = "<group>"; };
		FF65740F1E183E4200DFA3C0 /* ViewController.swift */ = {isa = PBXFileReference; lastKnownFileType = sourcecode.swift; path = ViewController.swift; sourceTree = "<group>"; };
		FF6574121E183E4200DFA3C0 /* Base */ = {isa = PBXFileReference; lastKnownFileType = file.storyboard; name = Base; path = Base.lproj/Main.storyboard; sourceTree = "<group>"; };
		FF6574141E183E4200DFA3C0 /* Assets.xcassets */ = {isa = PBXFileReference; lastKnownFileType = folder.assetcatalog; path = Assets.xcassets; sourceTree = "<group>"; };
		FF6574171E183E4200DFA3C0 /* Base */ = {isa = PBXFileReference; lastKnownFileType = file.storyboard; name = Base; path = Base.lproj/LaunchScreen.storyboard; sourceTree = "<group>"; };
		FF6574191E183E4200DFA3C0 /* Info.plist */ = {isa = PBXFileReference; lastKnownFileType = text.plist.xml; path = Info.plist; sourceTree = "<group>"; };
/* End PBXFileReference section */

/* Begin PBXFrameworksBuildPhase section */
		FF6574071E183E4100DFA3C0 /* Frameworks */ = {
			isa = PBXFrameworksBuildPhase;
			buildActionMask = 2147483647;
			files = (
				31366E87BBE621F2D74423F5 /* Pods_AvKitGoogleDriveVideoPlay.framework in Frameworks */,
			);
			runOnlyForDeploymentPostprocessing = 0;
		};
/* End PBXFrameworksBuildPhase section */

/* Begin PBXGroup section */
		80545F9155EA50EE4AF34725 /* Frameworks */ = {
			isa = PBXGroup;
			children = (
				BE201C60A4DAEEF7951C65F6 /* Pods_AvKitGoogleDriveVideoPlay.framework */,
			);
			name = Frameworks;
			sourceTree = "<group>";
		};
		EB780CC4B2AE14EC3130E871 /* Pods */ = {
			isa = PBXGroup;
			children = (
				7FCE0A8CA51EEB83D68655CE /* Pods-AvKitGoogleDriveVideoPlay.debug.xcconfig */,
				58A74A0CC6D1F151547B9CAC /* Pods-AvKitGoogleDriveVideoPlay.release.xcconfig */,
			);
			name = Pods;
			sourceTree = "<group>";
		};
		FF6574011E183E4100DFA3C0 = {
			isa = PBXGroup;
			children = (
				FF65740C1E183E4200DFA3C0 /* AvKitGoogleDriveVideoPlay */,
				FF65740B1E183E4200DFA3C0 /* Products */,
				EB780CC4B2AE14EC3130E871 /* Pods */,
				80545F9155EA50EE4AF34725 /* Frameworks */,
			);
			sourceTree = "<group>";
		};
		FF65740B1E183E4200DFA3C0 /* Products */ = {
			isa = PBXGroup;
			children = (
				FF65740A1E183E4200DFA3C0 /* AvKitGoogleDriveVideoPlay.app */,
			);
			name = Products;
			sourceTree = "<group>";
		};
		FF65740C1E183E4200DFA3C0 /* AvKitGoogleDriveVideoPlay */ = {
			isa = PBXGroup;
			children = (
				FF65740D1E183E4200DFA3C0 /* AppDelegate.swift */,
				FF65740F1E183E4200DFA3C0 /* ViewController.swift */,
				FF6574111E183E4200DFA3C0 /* Main.storyboard */,
				FF6574141E183E4200DFA3C0 /* Assets.xcassets */,
				FF6574161E183E4200DFA3C0 /* LaunchScreen.storyboard */,
				FF6574191E183E4200DFA3C0 /* Info.plist */,
			);
			path = AvKitGoogleDriveVideoPlay;
			sourceTree = "<group>";
		};
/* End PBXGroup section */

/* Begin PBXNativeTarget section */
		FF6574091E183E4100DFA3C0 /* AvKitGoogleDriveVideoPlay */ = {
			isa = PBXNativeTarget;
			buildConfigurationList = FF65741C1E183E4200DFA3C0 /* Build configuration list for PBXNativeTarget "AvKitGoogleDriveVideoPlay" */;
			buildPhases = (
				EB22DC138BBBBA1808DD3503 /* [CP] Check Pods Manifest.lock */,
				FF6574061E183E4100DFA3C0 /* Sources */,
				FF6574071E183E4100DFA3C0 /* Frameworks */,
				FF6574081E183E4100DFA3C0 /* Resources */,
				26A35DFBC70A8D06F44CBCF2 /* [CP] Embed Pods Frameworks */,
				E016107608878ECD71635691 /* [CP] Copy Pods Resources */,
			);
			buildRules = (
			);
			dependencies = (
			);
			name = AvKitGoogleDriveVideoPlay;
			productName = AvKitGoogleDriveVideoPlay;
			productReference = FF65740A1E183E4200DFA3C0 /* AvKitGoogleDriveVideoPlay.app */;
			productType = "com.apple.product-type.application";
		};
/* End PBXNativeTarget section */

/* Begin PBXProject section */
		FF6574021E183E4100DFA3C0 /* Project object */ = {
			isa = PBXProject;
			attributes = {
				LastSwiftUpdateCheck = 0820;
				LastUpgradeCheck = 0820;
				ORGANIZATIONNAME = Hakan;
				TargetAttributes = {
					FF6574091E183E4100DFA3C0 = {
						CreatedOnToolsVersion = 8.2;
						DevelopmentTeam = 8ZY239GG83;
						ProvisioningStyle = Automatic;
					};
				};
			};
			buildConfigurationList = FF6574051E183E4100DFA3C0 /* Build configuration list for PBXProject "AvKitGoogleDriveVideoPlay" */;
			compatibilityVersion = "Xcode 3.2";
			developmentRegion = English;
			hasScannedForEncodings = 0;
			knownRegions = (
				en,
				Base,
			);
			mainGroup = FF6574011E183E4100DFA3C0;
			productRefGroup = FF65740B1E183E4200DFA3C0 /* Products */;
			projectDirPath = "";
			projectRoot = "";
			targets = (
				FF6574091E183E4100DFA3C0 /* AvKitGoogleDriveVideoPlay */,
			);
		};
/* End PBXProject section */

/* Begin PBXResourcesBuildPhase section */
		FF6574081E183E4100DFA3C0 /* Resources */ = {
			isa = PBXResourcesBuildPhase;
			buildActionMask = 2147483647;
			files = (
				FF6574181E183E4200DFA3C0 /* LaunchScreen.storyboard in Resources */,
				FF6574151E183E4200DFA3C0 /* Assets.xcassets in Resources */,
				FF6574131E183E4200DFA3C0 /* Main.storyboard in Resources */,
			);
			runOnlyForDeploymentPostprocessing = 0;
		};
/* End PBXResourcesBuildPhase section */

/* Begin PBXShellScriptBuildPhase section */
		26A35DFBC70A8D06F44CBCF2 /* [CP] Embed Pods Frameworks */ = {
			isa = PBXShellScriptBuildPhase;
			buildActionMask = 2147483647;
			files = (
			);
			inputPaths = (
			);
			name = "[CP] Embed Pods Frameworks";
			outputPaths = (
			);
			runOnlyForDeploymentPostprocessing = 0;
			shellPath = /bin/sh;
			shellScript = "\"${SRCROOT}/Pods/Target Support Files/Pods-AvKitGoogleDriveVideoPlay/Pods-AvKitGoogleDriveVideoPlay-frameworks.sh\"\n";
			showEnvVarsInLog = 0;
		};
		E016107608878ECD71635691 /* [CP] Copy Pods Resources */ = {
			isa = PBXShellScriptBuildPhase;
			buildActionMask = 2147483647;
			files = (
			);
			inputPaths = (
			);
			name = "[CP] Copy Pods Resources";
			outputPaths = (
			);
			runOnlyForDeploymentPostprocessing = 0;
			shellPath = /bin/sh;
			shellScript = "\"${SRCROOT}/Pods/Target Support Files/Pods-AvKitGoogleDriveVideoPlay/Pods-AvKitGoogleDriveVideoPlay-resources.sh\"\n";
			showEnvVarsInLog = 0;
		};
		EB22DC138BBBBA1808DD3503 /* [CP] Check Pods Manifest.lock */ = {
			isa = PBXShellScriptBuildPhase;
			buildActionMask = 2147483647;
			files = (
			);
			inputPaths = (
			);
			name = "[CP] Check Pods Manifest.lock";
			outputPaths = (
			);
			runOnlyForDeploymentPostprocessing = 0;
			shellPath = /bin/sh;
			shellScript = "diff \"${PODS_ROOT}/../Podfile.lock\" \"${PODS_ROOT}/Manifest.lock\" > /dev/null\nif [ $? != 0 ] ; then\n    # print error to STDERR\n    echo \"error: The sandbox is not in sync with the Podfile.lock. Run 'pod install' or update your CocoaPods installation.\" >&2\n    exit 1\nfi\n";
			showEnvVarsInLog = 0;
		};
/* End PBXShellScriptBuildPhase section */

/* Begin PBXSourcesBuildPhase section */
		FF6574061E183E4100DFA3C0 /* Sources */ = {
			isa = PBXSourcesBuildPhase;
			buildActionMask = 2147483647;
			files = (
				FF6574101E183E4200DFA3C0 /* ViewController.swift in Sources */,
				FF65740E1E183E4200DFA3C0 /* AppDelegate.swift in Sources */,
			);
			runOnlyForDeploymentPostprocessing = 0;
		};
/* End PBXSourcesBuildPhase section */

/* Begin PBXVariantGroup section */
		FF6574111E183E4200DFA3C0 /* Main.storyboard */ = {
			isa = PBXVariantGroup;
			children = (
				FF6574121E183E4200DFA3C0 /* Base */,
			);
			name = Main.storyboard;
			sourceTree = "<group>";
		};
		FF6574161E183E4200DFA3C0 /* LaunchScreen.storyboard */ = {
			isa = PBXVariantGroup;
			children = (
				FF6574171E183E4200DFA3C0 /* Base */,
			);
			name = LaunchScreen.storyboard;
			sourceTree = "<group>";
		};
/* End PBXVariantGroup section */

/* Begin XCBuildConfiguration section */
		FF65741A1E183E4200DFA3C0 /* Debug */ = {
			isa = XCBuildConfiguration;
			buildSettings = {
				ALWAYS_SEARCH_USER_PATHS = NO;
				CLANG_ANALYZER_NONNULL = YES;
				CLANG_CXX_LANGUAGE_STANDARD = "gnu++0x";
				CLANG_CXX_LIBRARY = "libc++";
				CLANG_ENABLE_MODULES = YES;
				CLANG_ENABLE_OBJC_ARC = YES;
				CLANG_WARN_BOOL_CONVERSION = YES;
				CLANG_WARN_CONSTANT_CONVERSION = YES;
				CLANG_WARN_DIRECT_OBJC_ISA_USAGE = YES_ERROR;
				CLANG_WARN_DOCUMENTATION_COMMENTS = YES;
				CLANG_WARN_EMPTY_BODY = YES;
				CLANG_WARN_ENUM_CONVERSION = YES;
				CLANG_WARN_INFINITE_RECURSION = YES;
				CLANG_WARN_INT_CONVERSION = YES;
				CLANG_WARN_OBJC_ROOT_CLASS = YES_ERROR;
				CLANG_WARN_SUSPICIOUS_MOVE = YES;
				CLANG_WARN_UNREACHABLE_CODE = YES;
				CLANG_WARN__DUPLICATE_METHOD_MATCH = YES;
				"CODE_SIGN_IDENTITY[sdk=iphoneos*]" = "iPhone Developer";
				COPY_PHASE_STRIP = NO;
				DEBUG_INFORMATION_FORMAT = dwarf;
				ENABLE_STRICT_OBJC_MSGSEND = YES;
				ENABLE_TESTABILITY = YES;
				GCC_C_LANGUAGE_STANDARD = gnu99;
				GCC_DYNAMIC_NO_PIC = NO;
				GCC_NO_COMMON_BLOCKS = YES;
				GCC_OPTIMIZATION_LEVEL = 0;
				GCC_PREPROCESSOR_DEFINITIONS = (
					"DEBUG=1",
					"$(inherited)",
				);
				GCC_WARN_64_TO_32_BIT_CONVERSION = YES;
				GCC_WARN_ABOUT_RETURN_TYPE = YES_ERROR;
				GCC_WARN_UNDECLARED_SELECTOR = YES;
				GCC_WARN_UNINITIALIZED_AUTOS = YES_AGGRESSIVE;
				GCC_WARN_UNUSED_FUNCTION = YES;
				GCC_WARN_UNUSED_VARIABLE = YES;
				IPHONEOS_DEPLOYMENT_TARGET = 10.2;
				MTL_ENABLE_DEBUG_INFO = YES;
				ONLY_ACTIVE_ARCH = YES;
				SDKROOT = iphoneos;
				SWIFT_ACTIVE_COMPILATION_CONDITIONS = DEBUG;
				SWIFT_OPTIMIZATION_LEVEL = "-Onone";
				TARGETED_DEVICE_FAMILY = "1,2";
			};
			name = Debug;
		};
		FF65741B1E183E4200DFA3C0 /* Release */ = {
			isa = XCBuildConfiguration;
			buildSettings = {
				ALWAYS_SEARCH_USER_PATHS = NO;
				CLANG_ANALYZER_NONNULL = YES;
				CLANG_CXX_LANGUAGE_STANDARD = "gnu++0x";
				CLANG_CXX_LIBRARY = "libc++";
				CLANG_ENABLE_MODULES = YES;
				CLANG_ENABLE_OBJC_ARC = YES;
				CLANG_WARN_BOOL_CONVERSION = YES;
				CLANG_WARN_CONSTANT_CONVERSION = YES;
				CLANG_WARN_DIRECT_OBJC_ISA_USAGE = YES_ERROR;
				CLANG_WARN_DOCUMENTATION_COMMENTS = YES;
				CLANG_WARN_EMPTY_BODY = YES;
				CLANG_WARN_ENUM_CONVERSION = YES;
				CLANG_WARN_INFINITE_RECURSION = YES;
				CLANG_WARN_INT_CONVERSION = YES;
				CLANG_WARN_OBJC_ROOT_CLASS = YES_ERROR;
				CLANG_WARN_SUSPICIOUS_MOVE = YES;
				CLANG_WARN_UNREACHABLE_CODE = YES;
				CLANG_WARN__DUPLICATE_METHOD_MATCH = YES;
				"CODE_SIGN_IDENTITY[sdk=iphoneos*]" = "iPhone Developer";
				COPY_PHASE_STRIP = NO;
				DEBUG_INFORMATION_FORMAT = "dwarf-with-dsym";
				ENABLE_NS_ASSERTIONS = NO;
				ENABLE_STRICT_OBJC_MSGSEND = YES;
				GCC_C_LANGUAGE_STANDARD = gnu99;
				GCC_NO_COMMON_BLOCKS = YES;
				GCC_WARN_64_TO_32_BIT_CONVERSION = YES;
				GCC_WARN_ABOUT_RETURN_TYPE = YES_ERROR;
				GCC_WARN_UNDECLARED_SELECTOR = YES;
				GCC_WARN_UNINITIALIZED_AUTOS = YES_AGGRESSIVE;
				GCC_WARN_UNUSED_FUNCTION = YES;
				GCC_WARN_UNUSED_VARIABLE = YES;
				IPHONEOS_DEPLOYMENT_TARGET = 10.2;
				MTL_ENABLE_DEBUG_INFO = NO;
				SDKROOT = iphoneos;
				SWIFT_OPTIMIZATION_LEVEL = "-Owholemodule";
				TARGETED_DEVICE_FAMILY = "1,2";
				VALIDATE_PRODUCT = YES;
			};
			name = Release;
		};
		FF65741D1E183E4200DFA3C0 /* Debug */ = {
			isa = XCBuildConfiguration;
			baseConfigurationReference = 7FCE0A8CA51EEB83D68655CE /* Pods-AvKitGoogleDriveVideoPlay.debug.xcconfig */;
			buildSettings = {
				ASSETCATALOG_COMPILER_APPICON_NAME = AppIcon;
				DEVELOPMENT_TEAM = 8ZY239GG83;
				INFOPLIST_FILE = AvKitGoogleDriveVideoPlay/Info.plist;
				LD_RUNPATH_SEARCH_PATHS = "$(inherited) @executable_path/Frameworks";
				PRODUCT_BUNDLE_IDENTIFIER = hakan.AvKitGoogleDriveVideoPlay;
				PRODUCT_NAME = "$(TARGET_NAME)";
				SWIFT_VERSION = 3.0;
			};
			name = Debug;
		};
		FF65741E1E183E4200DFA3C0 /* Release */ = {
			isa = XCBuildConfiguration;
			baseConfigurationReference = 58A74A0CC6D1F151547B9CAC /* Pods-AvKitGoogleDriveVideoPlay.release.xcconfig */;
			buildSettings = {
				ASSETCATALOG_COMPILER_APPICON_NAME = AppIcon;
				DEVELOPMENT_TEAM = 8ZY239GG83;
				INFOPLIST_FILE = AvKitGoogleDriveVideoPlay/Info.plist;
				LD_RUNPATH_SEARCH_PATHS = "$(inherited) @executable_path/Frameworks";
				PRODUCT_BUNDLE_IDENTIFIER = hakan.AvKitGoogleDriveVideoPlay;
				PRODUCT_NAME = "$(TARGET_NAME)";
				SWIFT_VERSION = 3.0;
			};
			name = Release;
		};
/* End XCBuildConfiguration section */

/* Begin XCConfigurationList section */
		FF6574051E183E4100DFA3C0 /* Build configuration list for PBXProject "AvKitGoogleDriveVideoPlay" */ = {
			isa = XCConfigurationList;
			buildConfigurations = (
				FF65741A1E183E4200DFA3C0 /* Debug */,
				FF65741B1E183E4200DFA3C0 /* Release */,
			);
			defaultConfigurationIsVisible = 0;
			defaultConfigurationName = Release;
		};
		FF65741C1E183E4200DFA3C0 /* Build configuration list for PBXNativeTarget "AvKitGoogleDriveVideoPlay" */ = {
			isa = XCConfigurationList;
			buildConfigurations = (
				FF65741D1E183E4200DFA3C0 /* Debug */,
				FF65741E1E183E4200DFA3C0 /* Release */,
			);
			defaultConfigurationIsVisible = 0;
			defaultConfigurationName = Release;
		};
/* End XCConfigurationList section */
	};
	rootObject = FF6574021E183E4100DFA3C0 /* Project object */;
}
